{
  "version": 4,
  "terraform_version": "1.6.0",
  "serial": 22,
  "lineage": "9b8d92e2-e82a-47bc-bedc-dc11c161c7fc",
  "outputs": {},
  "resources": [
    {
      "mode": "managed",
      "type": "heroku_addon",
      "name": "database",
      "provider": "provider[\"registry.terraform.io/heroku/heroku\"]",
      "instances": [
        {
          "schema_version": 3,
          "attributes": {
            "app_id": "9e0a7e6e-b21d-4b41-90ee-d2e6f644c847",
            "config": null,
            "config_var_values": {
              "DATABASE_URL": "postgres://dhmnzksplgtrqr:4355a60d6f1b456c514fb36daf26814eb8fd2b6b66406393716632c68aa45e77@ec2-52-215-68-14.eu-west-1.compute.amazonaws.com:5432/dihjui0388k7o"
            },
            "config_vars": [
              "DATABASE_URL"
            ],
            "id": "6c0824b6-b46b-4b60-8ea5-7f1dc3742c21",
            "name": "postgresql-infinite-23300",
            "plan": "heroku-postgresql",
            "provider_id": "32374270"
          },
          "sensitive_attributes": [],
          "private": "eyJzY2hlbWFfdmVyc2lvbiI6IjMifQ==",
          "dependencies": [
            "heroku_app.default"
          ]
        }
      ]
    },
    {
      "mode": "managed",
      "type": "heroku_app",
      "name": "default",
      "provider": "provider[\"registry.terraform.io/heroku/heroku\"]",
      "instances": [
        {
          "schema_version": 1,
          "attributes": {
            "acm": false,
            "all_config_vars": {
              "TWILIO_ACCOUNT_SID": "ACe2b8d8a339e6c1285667718cd754b9be",
              "TWILIO_API_KEY_SECRET": "4e45LE1s8GtUnpcJVl2uc3URIvlE8SUl",
              "TWILIO_API_KEY_SID": "SKef01159a993f0c471af82034deb7c9a2",
              "TWILIO_AUTH_TOKEN": "eafd9d1769861413973e5abee13289bb",
              "TWILIO_CHAT_SERVICE_SID": "IS69bb745859a94bdf94bc955e85475ef6",
              "TWILIO_WORKSPACE_SID": "WS4d8e9d4ce0d0c4ba37446d1d399b25e2"
            },
            "buildpacks": [],
            "config_vars": {},
            "git_url": "https://git.heroku.com/verification-call-es.git",
            "heroku_hostname": "verification-call-es-9138bf6ebf26.herokuapp.com",
            "id": "9e0a7e6e-b21d-4b41-90ee-d2e6f644c847",
            "internal_routing": false,
            "name": "verification-call-es",
            "organization": [],
            "region": "eu",
            "sensitive_config_vars": {
              "TWILIO_ACCOUNT_SID": "ACe2b8d8a339e6c1285667718cd754b9be",
              "TWILIO_API_KEY_SECRET": "4e45LE1s8GtUnpcJVl2uc3URIvlE8SUl",
              "TWILIO_API_KEY_SID": "SKef01159a993f0c471af82034deb7c9a2",
              "TWILIO_AUTH_TOKEN": "eafd9d1769861413973e5abee13289bb",
              "TWILIO_CHAT_SERVICE_SID": "IS69bb745859a94bdf94bc955e85475ef6",
              "TWILIO_WORKSPACE_SID": "WS4d8e9d4ce0d0c4ba37446d1d399b25e2"
            },
            "space": null,
            "stack": "heroku-22",
            "uuid": "9e0a7e6e-b21d-4b41-90ee-d2e6f644c847",
            "web_url": "https://verification-call-es-9138bf6ebf26.herokuapp.com/"
          },
          "sensitive_attributes": [],
          "private": "eyJzY2hlbWFfdmVyc2lvbiI6IjEifQ=="
        }
      ]
    }
  ],
  "check_results": null
}
